<Solution>
  <Folder Name="/apps/" />
  <Folder Name="/apps/api/">
    <Project Path="apps/api/FieldLedger.Api.csproj" />
  </Folder>
  <Folder Name="/apps/api.Tests/">
    <Project Path="apps/api.Tests/FieldLedger.Api.Tests.csproj" />
  </Folder>
  <Folder Name="/apps/seeder/">
    <Project Path="apps/seeder/FieldLedger.Seeder.csproj" />
  </Folder>
</Solution>
